// !$*UTF8*$!
{
	archiveVersion = 1;
	classes = {
	};
	objectVersion = 56;
	objects = {

/* Begin PBXBuildFile section */
		431E08D92AD82F6E00CC9A65 /* Creditos.swift in Sources */ = {isa = PBXBuildFile; fileRef = 431E08D82AD82F6E00CC9A65 /* Creditos.swift */; };
		435A018F2AD7A21100E61674 /* Bateria.swift in Sources */ = {isa = PBXBuildFile; fileRef = 435A018E2AD7A21100E61674 /* Bateria.swift */; };
		435A01912AD7A21F00E61674 /* Piano.swift in Sources */ = {isa = PBXBuildFile; fileRef = 435A01902AD7A21F00E61674 /* Piano.swift */; };
		435A01932AD7A22A00E61674 /* Xilofono.swift in Sources */ = {isa = PBXBuildFile; fileRef = 435A01922AD7A22A00E61674 /* Xilofono.swift */; };
		4388038C2AD6ED3700F8E286 /* AlinearFiguras.swift in Sources */ = {isa = PBXBuildFile; fileRef = 4388038B2AD6ED3700F8E286 /* AlinearFiguras.swift */; };
		43A175F62AD44C67005C0C00 /* DecorarPastelComplejo.swift in Sources */ = {isa = PBXBuildFile; fileRef = 43A175F52AD44C67005C0C00 /* DecorarPastelComplejo.swift */; };
		43A175F82AD4D315005C0C00 /* AvionTap.swift in Sources */ = {isa = PBXBuildFile; fileRef = 43A175F72AD4D315005C0C00 /* AvionTap.swift */; };
		43A1D89B2AD38B02004B9951 /* VersionFinalAppApp.swift in Sources */ = {isa = PBXBuildFile; fileRef = 43A1D89A2AD38B02004B9951 /* VersionFinalAppApp.swift */; };
		43A1D89D2AD38B02004B9951 /* ContentView.swift in Sources */ = {isa = PBXBuildFile; fileRef = 43A1D89C2AD38B02004B9951 /* ContentView.swift */; };
		43A1D89F2AD38B05004B9951 /* Assets.xcassets in Resources */ = {isa = PBXBuildFile; fileRef = 43A1D89E2AD38B05004B9951 /* Assets.xcassets */; };
		43A1D8A22AD38B05004B9951 /* Preview Assets.xcassets in Resources */ = {isa = PBXBuildFile; fileRef = 43A1D8A12AD38B05004B9951 /* Preview Assets.xcassets */; };
		43A1D8AA2AD38CA7004B9951 /* MenuPrincipal.swift in Sources */ = {isa = PBXBuildFile; fileRef = 43A1D8A92AD38CA7004B9951 /* MenuPrincipal.swift */; };
		43A1D8B32AD38DB3004B9951 /* VistaGlobo.swift in Sources */ = {isa = PBXBuildFile; fileRef = 43A1D8B22AD38DB3004B9951 /* VistaGlobo.swift */; };
		43A1D8B52AD38E48004B9951 /* ConfiguracionGlobo.swift in Sources */ = {isa = PBXBuildFile; fileRef = 43A1D8B42AD38E48004B9951 /* ConfiguracionGlobo.swift */; };
		43A1D8B72AD38F0D004B9951 /* GlobosTap.swift in Sources */ = {isa = PBXBuildFile; fileRef = 43A1D8B62AD38F0D004B9951 /* GlobosTap.swift */; };
		43A1D8B92AD38FC0004B9951 /* DecorarPastel.swift in Sources */ = {isa = PBXBuildFile; fileRef = 43A1D8B82AD38FC0004B9951 /* DecorarPastel.swift */; };
		43A1D8BB2AD38FEB004B9951 /* GatoTap.swift in Sources */ = {isa = PBXBuildFile; fileRef = 43A1D8BA2AD38FEB004B9951 /* GatoTap.swift */; };
		43A1D8BD2AD431DC004B9951 /* GlobosTapOrden.swift in Sources */ = {isa = PBXBuildFile; fileRef = 43A1D8BC2AD431DC004B9951 /* GlobosTapOrden.swift */; };
		43A1D8BF2AD432A2004B9951 /* Sumas.swift in Sources */ = {isa = PBXBuildFile; fileRef = 43A1D8BE2AD432A2004B9951 /* Sumas.swift */; };
		43A1D8C12AD43309004B9951 /* Restas.swift in Sources */ = {isa = PBXBuildFile; fileRef = 43A1D8C02AD43309004B9951 /* Restas.swift */; };
		43A1D8C32AD4343D004B9951 /* GatoDrag.swift in Sources */ = {isa = PBXBuildFile; fileRef = 43A1D8C22AD4343D004B9951 /* GatoDrag.swift */; };
		43A1D8C52AD43482004B9951 /* PerroDrag.swift in Sources */ = {isa = PBXBuildFile; fileRef = 43A1D8C42AD43482004B9951 /* PerroDrag.swift */; };
		43A1D8C72AD43507004B9951 /* PerroTap.swift in Sources */ = {isa = PBXBuildFile; fileRef = 43A1D8C62AD43507004B9951 /* PerroTap.swift */; };
		43A1D8C92AD438CB004B9951 /* ColoresTap.swift in Sources */ = {isa = PBXBuildFile; fileRef = 43A1D8C82AD438CB004B9951 /* ColoresTap.swift */; };
		43A1D8CC2AD43A2B004B9951 /* Subsonic in Frameworks */ = {isa = PBXBuildFile; productRef = 43A1D8CB2AD43A2B004B9951 /* Subsonic */; };
		E60AE20E2B04617900BFC55B /* C_piano.wav in Resources */ = {isa = PBXBuildFile; fileRef = E60AE2022B04616E00BFC55B /* C_piano.wav */; };
		E60AE20F2B04617900BFC55B /* FS_piano.wav in Resources */ = {isa = PBXBuildFile; fileRef = E60AE2032B04616F00BFC55B /* FS_piano.wav */; };
		E60AE2102B04617900BFC55B /* DS_piano.wav in Resources */ = {isa = PBXBuildFile; fileRef = E60AE2042B04617000BFC55B /* DS_piano.wav */; };
		E60AE2112B04617900BFC55B /* G_piano.wav in Resources */ = {isa = PBXBuildFile; fileRef = E60AE2052B04617100BFC55B /* G_piano.wav */; };
		E60AE2122B04617900BFC55B /* A_piano.wav in Resources */ = {isa = PBXBuildFile; fileRef = E60AE2062B04617200BFC55B /* A_piano.wav */; };
		E60AE2132B04617900BFC55B /* D_piano.wav in Resources */ = {isa = PBXBuildFile; fileRef = E60AE2072B04617300BFC55B /* D_piano.wav */; };
		E60AE2142B04617900BFC55B /* CS_piano.wav in Resources */ = {isa = PBXBuildFile; fileRef = E60AE2082B04617400BFC55B /* CS_piano.wav */; };
		E60AE2152B04617900BFC55B /* F_piano.wav in Resources */ = {isa = PBXBuildFile; fileRef = E60AE2092B04617500BFC55B /* F_piano.wav */; };
		E60AE2162B04617900BFC55B /* AS_piano.wav in Resources */ = {isa = PBXBuildFile; fileRef = E60AE20A2B04617600BFC55B /* AS_piano.wav */; };
		E60AE2172B04617900BFC55B /* B_piano.wav in Resources */ = {isa = PBXBuildFile; fileRef = E60AE20B2B04617700BFC55B /* B_piano.wav */; };
		E60AE2182B04617900BFC55B /* E_piano.wav in Resources */ = {isa = PBXBuildFile; fileRef = E60AE20C2B04617800BFC55B /* E_piano.wav */; };
		E60AE2192B04617900BFC55B /* GS_piano.wav in Resources */ = {isa = PBXBuildFile; fileRef = E60AE20D2B04617900BFC55B /* GS_piano.wav */; };
		E60AE2402B0464B000BFC55B /* C.wav in Resources */ = {isa = PBXBuildFile; fileRef = E60AE2392B0464AA00BFC55B /* C.wav */; };
		E60AE2412B0464B000BFC55B /* D.wav in Resources */ = {isa = PBXBuildFile; fileRef = E60AE23A2B0464AB00BFC55B /* D.wav */; };
		E60AE2422B0464B000BFC55B /* F.wav in Resources */ = {isa = PBXBuildFile; fileRef = E60AE23B2B0464AC00BFC55B /* F.wav */; };
		E60AE2432B0464B000BFC55B /* B.wav in Resources */ = {isa = PBXBuildFile; fileRef = E60AE23C2B0464AD00BFC55B /* B.wav */; };
		E60AE2442B0464B000BFC55B /* E.wav in Resources */ = {isa = PBXBuildFile; fileRef = E60AE23D2B0464AE00BFC55B /* E.wav */; };
		E60AE2452B0464B000BFC55B /* A.wav in Resources */ = {isa = PBXBuildFile; fileRef = E60AE23E2B0464AF00BFC55B /* A.wav */; };
		E60AE2462B0464B000BFC55B /* G.wav in Resources */ = {isa = PBXBuildFile; fileRef = E60AE23F2B0464B000BFC55B /* G.wav */; };
		E6AF28AC2B0E727700E8FF7F /* correct-2.wav in Resources */ = {isa = PBXBuildFile; fileRef = E6AF28A12B0E726D00E8FF7F /* correct-2.wav */; };
		E6AF28AD2B0E727700E8FF7F /* pearls.wav in Resources */ = {isa = PBXBuildFile; fileRef = E6AF28A22B0E726E00E8FF7F /* pearls.wav */; };
		E6AF28AE2B0E727700E8FF7F /* select.wav in Resources */ = {isa = PBXBuildFile; fileRef = E6AF28A32B0E726F00E8FF7F /* select.wav */; };
		E6AF28AF2B0E727700E8FF7F /* correct-1.wav in Resources */ = {isa = PBXBuildFile; fileRef = E6AF28A42B0E727000E8FF7F /* correct-1.wav */; };
		E6AF28B12B0E727700E8FF7F /* correct-3.wav in Resources */ = {isa = PBXBuildFile; fileRef = E6AF28A62B0E727200E8FF7F /* correct-3.wav */; };
		E6AF28B22B0E727700E8FF7F /* impact-paint.wav in Resources */ = {isa = PBXBuildFile; fileRef = E6AF28A72B0E727300E8FF7F /* impact-paint.wav */; };
		E6AF28B32B0E727700E8FF7F /* select-game.wav in Resources */ = {isa = PBXBuildFile; fileRef = E6AF28A82B0E727400E8FF7F /* select-game.wav */; };
		E6AF28B52B0E727700E8FF7F /* velas.wav in Resources */ = {isa = PBXBuildFile; fileRef = E6AF28AA2B0E727600E8FF7F /* velas.wav */; };
		E6AF28B62B0E727700E8FF7F /* vetunazo-1.wav in Resources */ = {isa = PBXBuildFile; fileRef = E6AF28AB2B0E727700E8FF7F /* vetunazo-1.wav */; };
		E6AF28B82B0E745500E8FF7F /* go-back.wav in Resources */ = {isa = PBXBuildFile; fileRef = E6AF28B72B0E745500E8FF7F /* go-back.wav */; };
		E6AF28BA2B0E74D700E8FF7F /* impact-paint-1.wav in Resources */ = {isa = PBXBuildFile; fileRef = E6AF28B92B0E74D700E8FF7F /* impact-paint-1.wav */; };
		E6AF28CB2B0E7AD700E8FF7F /* snare.wav in Resources */ = {isa = PBXBuildFile; fileRef = E6AF28C62B0E7AD300E8FF7F /* snare.wav */; };
		E6AF28CC2B0E7AD700E8FF7F /* tom.wav in Resources */ = {isa = PBXBuildFile; fileRef = E6AF28C72B0E7AD400E8FF7F /* tom.wav */; };
		E6AF28CD2B0E7AD700E8FF7F /* hi-hat.wav in Resources */ = {isa = PBXBuildFile; fileRef = E6AF28C82B0E7AD500E8FF7F /* hi-hat.wav */; };
		E6AF28CE2B0E7AD700E8FF7F /* kick.wav in Resources */ = {isa = PBXBuildFile; fileRef = E6AF28C92B0E7AD600E8FF7F /* kick.wav */; };
		E6AF28CF2B0E7AD700E8FF7F /* crash.wav in Resources */ = {isa = PBXBuildFile; fileRef = E6AF28CA2B0E7AD700E8FF7F /* crash.wav */; };
		E6AF28D62B0E850B00E8FF7F /* pouring-food.wav in Resources */ = {isa = PBXBuildFile; fileRef = E6AF28D02B0E850600E8FF7F /* pouring-food.wav */; };
		E6AF28D72B0E850B00E8FF7F /* cat-toy.wav in Resources */ = {isa = PBXBuildFile; fileRef = E6AF28D12B0E850700E8FF7F /* cat-toy.wav */; };
		E6AF28D82B0E850B00E8FF7F /* meow.wav in Resources */ = {isa = PBXBuildFile; fileRef = E6AF28D22B0E850800E8FF7F /* meow.wav */; };
		E6AF28D92B0E850B00E8FF7F /* dog-toy.wav in Resources */ = {isa = PBXBuildFile; fileRef = E6AF28D32B0E850900E8FF7F /* dog-toy.wav */; };
		E6AF28DA2B0E850B00E8FF7F /* bark.wav in Resources */ = {isa = PBXBuildFile; fileRef = E6AF28D42B0E850A00E8FF7F /* bark.wav */; };
		E6AF28DB2B0E850B00E8FF7F /* cat-playing.wav in Resources */ = {isa = PBXBuildFile; fileRef = E6AF28D52B0E850B00E8FF7F /* cat-playing.wav */; };
/* End PBXBuildFile section */

/* Begin PBXFileReference section */
		431E08D82AD82F6E00CC9A65 /* Creditos.swift */ = {isa = PBXFileReference; lastKnownFileType = sourcecode.swift; path = Creditos.swift; sourceTree = "<group>"; };
		435A018E2AD7A21100E61674 /* Bateria.swift */ = {isa = PBXFileReference; lastKnownFileType = sourcecode.swift; path = Bateria.swift; sourceTree = "<group>"; };
		435A01902AD7A21F00E61674 /* Piano.swift */ = {isa = PBXFileReference; lastKnownFileType = sourcecode.swift; path = Piano.swift; sourceTree = "<group>"; };
		435A01922AD7A22A00E61674 /* Xilofono.swift */ = {isa = PBXFileReference; lastKnownFileType = sourcecode.swift; path = Xilofono.swift; sourceTree = "<group>"; };
		4388038B2AD6ED3700F8E286 /* AlinearFiguras.swift */ = {isa = PBXFileReference; lastKnownFileType = sourcecode.swift; path = AlinearFiguras.swift; sourceTree = "<group>"; };
		43A175F52AD44C67005C0C00 /* DecorarPastelComplejo.swift */ = {isa = PBXFileReference; lastKnownFileType = sourcecode.swift; path = DecorarPastelComplejo.swift; sourceTree = "<group>"; };
		43A175F72AD4D315005C0C00 /* AvionTap.swift */ = {isa = PBXFileReference; lastKnownFileType = sourcecode.swift; path = AvionTap.swift; sourceTree = "<group>"; };
		43A1D8972AD38B02004B9951 /* VersionFinalApp.app */ = {isa = PBXFileReference; explicitFileType = wrapper.application; includeInIndex = 0; path = VersionFinalApp.app; sourceTree = BUILT_PRODUCTS_DIR; };
		43A1D89A2AD38B02004B9951 /* VersionFinalAppApp.swift */ = {isa = PBXFileReference; lastKnownFileType = sourcecode.swift; path = VersionFinalAppApp.swift; sourceTree = "<group>"; };
		43A1D89C2AD38B02004B9951 /* ContentView.swift */ = {isa = PBXFileReference; lastKnownFileType = sourcecode.swift; path = ContentView.swift; sourceTree = "<group>"; };
		43A1D89E2AD38B05004B9951 /* Assets.xcassets */ = {isa = PBXFileReference; lastKnownFileType = folder.assetcatalog; path = Assets.xcassets; sourceTree = "<group>"; };
		43A1D8A12AD38B05004B9951 /* Preview Assets.xcassets */ = {isa = PBXFileReference; lastKnownFileType = folder.assetcatalog; path = "Preview Assets.xcassets"; sourceTree = "<group>"; };
		43A1D8A92AD38CA7004B9951 /* MenuPrincipal.swift */ = {isa = PBXFileReference; lastKnownFileType = sourcecode.swift; path = MenuPrincipal.swift; sourceTree = "<group>"; };
		43A1D8B22AD38DB3004B9951 /* VistaGlobo.swift */ = {isa = PBXFileReference; lastKnownFileType = sourcecode.swift; path = VistaGlobo.swift; sourceTree = "<group>"; };
		43A1D8B42AD38E48004B9951 /* ConfiguracionGlobo.swift */ = {isa = PBXFileReference; lastKnownFileType = sourcecode.swift; path = ConfiguracionGlobo.swift; sourceTree = "<group>"; };
		43A1D8B62AD38F0D004B9951 /* GlobosTap.swift */ = {isa = PBXFileReference; lastKnownFileType = sourcecode.swift; path = GlobosTap.swift; sourceTree = "<group>"; };
		43A1D8B82AD38FC0004B9951 /* DecorarPastel.swift */ = {isa = PBXFileReference; lastKnownFileType = sourcecode.swift; path = DecorarPastel.swift; sourceTree = "<group>"; };
		43A1D8BA2AD38FEB004B9951 /* GatoTap.swift */ = {isa = PBXFileReference; lastKnownFileType = sourcecode.swift; path = GatoTap.swift; sourceTree = "<group>"; };
		43A1D8BC2AD431DC004B9951 /* GlobosTapOrden.swift */ = {isa = PBXFileReference; lastKnownFileType = sourcecode.swift; path = GlobosTapOrden.swift; sourceTree = "<group>"; };
		43A1D8BE2AD432A2004B9951 /* Sumas.swift */ = {isa = PBXFileReference; lastKnownFileType = sourcecode.swift; path = Sumas.swift; sourceTree = "<group>"; };
		43A1D8C02AD43309004B9951 /* Restas.swift */ = {isa = PBXFileReference; lastKnownFileType = sourcecode.swift; path = Restas.swift; sourceTree = "<group>"; };
		43A1D8C22AD4343D004B9951 /* GatoDrag.swift */ = {isa = PBXFileReference; lastKnownFileType = sourcecode.swift; path = GatoDrag.swift; sourceTree = "<group>"; };
		43A1D8C42AD43482004B9951 /* PerroDrag.swift */ = {isa = PBXFileReference; lastKnownFileType = sourcecode.swift; path = PerroDrag.swift; sourceTree = "<group>"; };
		43A1D8C62AD43507004B9951 /* PerroTap.swift */ = {isa = PBXFileReference; lastKnownFileType = sourcecode.swift; path = PerroTap.swift; sourceTree = "<group>"; };
		43A1D8C82AD438CB004B9951 /* ColoresTap.swift */ = {isa = PBXFileReference; lastKnownFileType = sourcecode.swift; path = ColoresTap.swift; sourceTree = "<group>"; };
		E60AE2022B04616E00BFC55B /* C_piano.wav */ = {isa = PBXFileReference; lastKnownFileType = audio.wav; path = C_piano.wav; sourceTree = "<group>"; };
		E60AE2032B04616F00BFC55B /* FS_piano.wav */ = {isa = PBXFileReference; lastKnownFileType = audio.wav; path = FS_piano.wav; sourceTree = "<group>"; };
		E60AE2042B04617000BFC55B /* DS_piano.wav */ = {isa = PBXFileReference; lastKnownFileType = audio.wav; path = DS_piano.wav; sourceTree = "<group>"; };
		E60AE2052B04617100BFC55B /* G_piano.wav */ = {isa = PBXFileReference; lastKnownFileType = audio.wav; path = G_piano.wav; sourceTree = "<group>"; };
		E60AE2062B04617200BFC55B /* A_piano.wav */ = {isa = PBXFileReference; lastKnownFileType = audio.wav; path = A_piano.wav; sourceTree = "<group>"; };
		E60AE2072B04617300BFC55B /* D_piano.wav */ = {isa = PBXFileReference; lastKnownFileType = audio.wav; path = D_piano.wav; sourceTree = "<group>"; };
		E60AE2082B04617400BFC55B /* CS_piano.wav */ = {isa = PBXFileReference; lastKnownFileType = audio.wav; path = CS_piano.wav; sourceTree = "<group>"; };
		E60AE2092B04617500BFC55B /* F_piano.wav */ = {isa = PBXFileReference; lastKnownFileType = audio.wav; path = F_piano.wav; sourceTree = "<group>"; };
		E60AE20A2B04617600BFC55B /* AS_piano.wav */ = {isa = PBXFileReference; lastKnownFileType = audio.wav; path = AS_piano.wav; sourceTree = "<group>"; };
		E60AE20B2B04617700BFC55B /* B_piano.wav */ = {isa = PBXFileReference; lastKnownFileType = audio.wav; path = B_piano.wav; sourceTree = "<group>"; };
		E60AE20C2B04617800BFC55B /* E_piano.wav */ = {isa = PBXFileReference; lastKnownFileType = audio.wav; path = E_piano.wav; sourceTree = "<group>"; };
		E60AE20D2B04617900BFC55B /* GS_piano.wav */ = {isa = PBXFileReference; lastKnownFileType = audio.wav; path = GS_piano.wav; sourceTree = "<group>"; };
		E60AE2392B0464AA00BFC55B /* C.wav */ = {isa = PBXFileReference; lastKnownFileType = audio.wav; path = C.wav; sourceTree = "<group>"; };
		E60AE23A2B0464AB00BFC55B /* D.wav */ = {isa = PBXFileReference; lastKnownFileType = audio.wav; path = D.wav; sourceTree = "<group>"; };
		E60AE23B2B0464AC00BFC55B /* F.wav */ = {isa = PBXFileReference; lastKnownFileType = audio.wav; path = F.wav; sourceTree = "<group>"; };
		E60AE23C2B0464AD00BFC55B /* B.wav */ = {isa = PBXFileReference; lastKnownFileType = audio.wav; path = B.wav; sourceTree = "<group>"; };
		E60AE23D2B0464AE00BFC55B /* E.wav */ = {isa = PBXFileReference; lastKnownFileType = audio.wav; path = E.wav; sourceTree = "<group>"; };
		E60AE23E2B0464AF00BFC55B /* A.wav */ = {isa = PBXFileReference; lastKnownFileType = audio.wav; path = A.wav; sourceTree = "<group>"; };
		E60AE23F2B0464B000BFC55B /* G.wav */ = {isa = PBXFileReference; lastKnownFileType = audio.wav; path = G.wav; sourceTree = "<group>"; };
		E6AF28A12B0E726D00E8FF7F /* correct-2.wav */ = {isa = PBXFileReference; lastKnownFileType = audio.wav; path = "correct-2.wav"; sourceTree = "<group>"; };
		E6AF28A22B0E726E00E8FF7F /* pearls.wav */ = {isa = PBXFileReference; lastKnownFileType = audio.wav; path = pearls.wav; sourceTree = "<group>"; };
		E6AF28A32B0E726F00E8FF7F /* select.wav */ = {isa = PBXFileReference; lastKnownFileType = audio.wav; path = select.wav; sourceTree = "<group>"; };
		E6AF28A42B0E727000E8FF7F /* correct-1.wav */ = {isa = PBXFileReference; lastKnownFileType = audio.wav; path = "correct-1.wav"; sourceTree = "<group>"; };
		E6AF28A62B0E727200E8FF7F /* correct-3.wav */ = {isa = PBXFileReference; lastKnownFileType = audio.wav; path = "correct-3.wav"; sourceTree = "<group>"; };
		E6AF28A72B0E727300E8FF7F /* impact-paint.wav */ = {isa = PBXFileReference; lastKnownFileType = audio.wav; path = "impact-paint.wav"; sourceTree = "<group>"; };
		E6AF28A82B0E727400E8FF7F /* select-game.wav */ = {isa = PBXFileReference; lastKnownFileType = audio.wav; path = "select-game.wav"; sourceTree = "<group>"; };
		E6AF28AA2B0E727600E8FF7F /* velas.wav */ = {isa = PBXFileReference; lastKnownFileType = audio.wav; path = velas.wav; sourceTree = "<group>"; };
		E6AF28AB2B0E727700E8FF7F /* vetunazo-1.wav */ = {isa = PBXFileReference; lastKnownFileType = audio.wav; path = "vetunazo-1.wav"; sourceTree = "<group>"; };
		E6AF28B72B0E745500E8FF7F /* go-back.wav */ = {isa = PBXFileReference; lastKnownFileType = audio.wav; name = "go-back.wav"; path = "../../../go-back.wav"; sourceTree = "<group>"; };
		E6AF28B92B0E74D700E8FF7F /* impact-paint-1.wav */ = {isa = PBXFileReference; lastKnownFileType = audio.wav; path = "impact-paint-1.wav"; sourceTree = "<group>"; };
		E6AF28C62B0E7AD300E8FF7F /* snare.wav */ = {isa = PBXFileReference; lastKnownFileType = audio.wav; path = snare.wav; sourceTree = "<group>"; };
		E6AF28C72B0E7AD400E8FF7F /* tom.wav */ = {isa = PBXFileReference; lastKnownFileType = audio.wav; path = tom.wav; sourceTree = "<group>"; };
		E6AF28C82B0E7AD500E8FF7F /* hi-hat.wav */ = {isa = PBXFileReference; lastKnownFileType = audio.wav; path = "hi-hat.wav"; sourceTree = "<group>"; };
		E6AF28C92B0E7AD600E8FF7F /* kick.wav */ = {isa = PBXFileReference; lastKnownFileType = audio.wav; path = kick.wav; sourceTree = "<group>"; };
		E6AF28CA2B0E7AD700E8FF7F /* crash.wav */ = {isa = PBXFileReference; lastKnownFileType = audio.wav; path = crash.wav; sourceTree = "<group>"; };
		E6AF28D02B0E850600E8FF7F /* pouring-food.wav */ = {isa = PBXFileReference; lastKnownFileType = audio.wav; path = "pouring-food.wav"; sourceTree = "<group>"; };
		E6AF28D12B0E850700E8FF7F /* cat-toy.wav */ = {isa = PBXFileReference; lastKnownFileType = audio.wav; path = "cat-toy.wav"; sourceTree = "<group>"; };
		E6AF28D22B0E850800E8FF7F /* meow.wav */ = {isa = PBXFileReference; lastKnownFileType = audio.wav; path = meow.wav; sourceTree = "<group>"; };
		E6AF28D32B0E850900E8FF7F /* dog-toy.wav */ = {isa = PBXFileReference; lastKnownFileType = audio.wav; path = "dog-toy.wav"; sourceTree = "<group>"; };
		E6AF28D42B0E850A00E8FF7F /* bark.wav */ = {isa = PBXFileReference; lastKnownFileType = audio.wav; path = bark.wav; sourceTree = "<group>"; };
		E6AF28D52B0E850B00E8FF7F /* cat-playing.wav */ = {isa = PBXFileReference; lastKnownFileType = audio.wav; path = "cat-playing.wav"; sourceTree = "<group>"; };
/* End PBXFileReference section */

/* Begin PBXFrameworksBuildPhase section */
		43A1D8942AD38B02004B9951 /* Frameworks */ = {
			isa = PBXFrameworksBuildPhase;
			buildActionMask = 2147483647;
			files = (
				43A1D8CC2AD43A2B004B9951 /* Subsonic in Frameworks */,
			);
			runOnlyForDeploymentPostprocessing = 0;
		};
/* End PBXFrameworksBuildPhase section */

/* Begin PBXGroup section */
		43A1D88E2AD38B02004B9951 = {
			isa = PBXGroup;
			children = (
				43A1D8992AD38B02004B9951 /* VersionFinalApp */,
				43A1D8982AD38B02004B9951 /* Products */,
			);
			sourceTree = "<group>";
		};
		43A1D8982AD38B02004B9951 /* Products */ = {
			isa = PBXGroup;
			children = (
				43A1D8972AD38B02004B9951 /* VersionFinalApp.app */,
			);
			name = Products;
			sourceTree = "<group>";
		};
		43A1D8992AD38B02004B9951 /* VersionFinalApp */ = {
			isa = PBXGroup;
			children = (
				43A1D8AB2AD38CD3004B9951 /* Vistas */,
				43A1D89A2AD38B02004B9951 /* VersionFinalAppApp.swift */,
				43A1D89C2AD38B02004B9951 /* ContentView.swift */,
				43A1D89E2AD38B05004B9951 /* Assets.xcassets */,
				43A1D8A02AD38B05004B9951 /* Preview Content */,
			);
			path = VersionFinalApp;
			sourceTree = "<group>";
		};
		43A1D8A02AD38B05004B9951 /* Preview Content */ = {
			isa = PBXGroup;
			children = (
				43A1D8A12AD38B05004B9951 /* Preview Assets.xcassets */,
			);
			path = "Preview Content";
			sourceTree = "<group>";
		};
		43A1D8A82AD38B72004B9951 /* Minijuegos */ = {
			isa = PBXGroup;
			children = (
				43A1D8AC2AD38CE2004B9951 /* Nivel1 */,
				43A1D8AD2AD38CEC004B9951 /* Nivel2 */,
				43A1D8AE2AD38CF8004B9951 /* Nivel3 */,
				43A1D8AF2AD38CFC004B9951 /* Nivel4 */,
				43A1D8B02AD38D0C004B9951 /* GlobosSettings */,
			);
			path = Minijuegos;
			sourceTree = "<group>";
		};
		43A1D8AB2AD38CD3004B9951 /* Vistas */ = {
			isa = PBXGroup;
			children = (
				E6AF28A02B0E721F00E8FF7F /* Sounds */,
				43A1D8A92AD38CA7004B9951 /* MenuPrincipal.swift */,
				431E08D82AD82F6E00CC9A65 /* Creditos.swift */,
				43A1D8A82AD38B72004B9951 /* Minijuegos */,
			);
			path = Vistas;
			sourceTree = "<group>";
		};
		43A1D8AC2AD38CE2004B9951 /* Nivel1 */ = {
			isa = PBXGroup;
			children = (
				E6AF28BB2B0E798F00E8FF7F /* DrumSounds */,
				E60AE2382B04649300BFC55B /* XilofonoSounds */,
				E60AE2012B04615200BFC55B /* PianoSounds */,
				43A1D8BA2AD38FEB004B9951 /* GatoTap.swift */,
				43A1D8C62AD43507004B9951 /* PerroTap.swift */,
				43A175F72AD4D315005C0C00 /* AvionTap.swift */,
				435A018E2AD7A21100E61674 /* Bateria.swift */,
				435A01902AD7A21F00E61674 /* Piano.swift */,
				435A01922AD7A22A00E61674 /* Xilofono.swift */,
			);
			path = Nivel1;
			sourceTree = "<group>";
		};
		43A1D8AD2AD38CEC004B9951 /* Nivel2 */ = {
			isa = PBXGroup;
			children = (
				43A1D8B62AD38F0D004B9951 /* GlobosTap.swift */,
				43A1D8B82AD38FC0004B9951 /* DecorarPastel.swift */,
			);
			path = Nivel2;
			sourceTree = "<group>";
		};
		43A1D8AE2AD38CF8004B9951 /* Nivel3 */ = {
			isa = PBXGroup;
			children = (
				43A1D8C22AD4343D004B9951 /* GatoDrag.swift */,
				43A1D8C42AD43482004B9951 /* PerroDrag.swift */,
				43A1D8C82AD438CB004B9951 /* ColoresTap.swift */,
				43A175F52AD44C67005C0C00 /* DecorarPastelComplejo.swift */,
				4388038B2AD6ED3700F8E286 /* AlinearFiguras.swift */,
			);
			path = Nivel3;
			sourceTree = "<group>";
		};
		43A1D8AF2AD38CFC004B9951 /* Nivel4 */ = {
			isa = PBXGroup;
			children = (
				43A1D8BC2AD431DC004B9951 /* GlobosTapOrden.swift */,
				43A1D8BE2AD432A2004B9951 /* Sumas.swift */,
				43A1D8C02AD43309004B9951 /* Restas.swift */,
			);
			path = Nivel4;
			sourceTree = "<group>";
		};
		43A1D8B02AD38D0C004B9951 /* GlobosSettings */ = {
			isa = PBXGroup;
			children = (
				43A1D8B22AD38DB3004B9951 /* VistaGlobo.swift */,
				43A1D8B42AD38E48004B9951 /* ConfiguracionGlobo.swift */,
			);
			path = GlobosSettings;
			sourceTree = "<group>";
		};
		E60AE2012B04615200BFC55B /* PianoSounds */ = {
			isa = PBXGroup;
			children = (
				E60AE2062B04617200BFC55B /* A_piano.wav */,
				E60AE20A2B04617600BFC55B /* AS_piano.wav */,
				E60AE20B2B04617700BFC55B /* B_piano.wav */,
				E60AE2022B04616E00BFC55B /* C_piano.wav */,
				E60AE2082B04617400BFC55B /* CS_piano.wav */,
				E60AE2072B04617300BFC55B /* D_piano.wav */,
				E60AE2042B04617000BFC55B /* DS_piano.wav */,
				E60AE20C2B04617800BFC55B /* E_piano.wav */,
				E60AE2092B04617500BFC55B /* F_piano.wav */,
				E60AE2032B04616F00BFC55B /* FS_piano.wav */,
				E60AE2052B04617100BFC55B /* G_piano.wav */,
				E60AE20D2B04617900BFC55B /* GS_piano.wav */,
			);
			path = PianoSounds;
			sourceTree = "<group>";
		};
		E60AE2382B04649300BFC55B /* XilofonoSounds */ = {
			isa = PBXGroup;
			children = (
				E60AE23E2B0464AF00BFC55B /* A.wav */,
				E60AE23C2B0464AD00BFC55B /* B.wav */,
				E60AE2392B0464AA00BFC55B /* C.wav */,
				E60AE23A2B0464AB00BFC55B /* D.wav */,
				E60AE23D2B0464AE00BFC55B /* E.wav */,
				E60AE23B2B0464AC00BFC55B /* F.wav */,
				E60AE23F2B0464B000BFC55B /* G.wav */,
			);
			path = XilofonoSounds;
			sourceTree = "<group>";
		};
		E6AF28A02B0E721F00E8FF7F /* Sounds */ = {
			isa = PBXGroup;
			children = (
				E6AF28D42B0E850A00E8FF7F /* bark.wav */,
				E6AF28D52B0E850B00E8FF7F /* cat-playing.wav */,
				E6AF28D12B0E850700E8FF7F /* cat-toy.wav */,
				E6AF28D32B0E850900E8FF7F /* dog-toy.wav */,
				E6AF28D22B0E850800E8FF7F /* meow.wav */,
				E6AF28D02B0E850600E8FF7F /* pouring-food.wav */,
				E6AF28B72B0E745500E8FF7F /* go-back.wav */,
				E6AF28B92B0E74D700E8FF7F /* impact-paint-1.wav */,
				E6AF28A42B0E727000E8FF7F /* correct-1.wav */,
				E6AF28A12B0E726D00E8FF7F /* correct-2.wav */,
				E6AF28A62B0E727200E8FF7F /* correct-3.wav */,
				E6AF28A72B0E727300E8FF7F /* impact-paint.wav */,
				E6AF28A22B0E726E00E8FF7F /* pearls.wav */,
				E6AF28A82B0E727400E8FF7F /* select-game.wav */,
				E6AF28A32B0E726F00E8FF7F /* select.wav */,
				E6AF28AA2B0E727600E8FF7F /* velas.wav */,
				E6AF28AB2B0E727700E8FF7F /* vetunazo-1.wav */,
			);
			path = Sounds;
			sourceTree = "<group>";
		};
		E6AF28BB2B0E798F00E8FF7F /* DrumSounds */ = {
			isa = PBXGroup;
			children = (
				E6AF28CA2B0E7AD700E8FF7F /* crash.wav */,
				E6AF28C82B0E7AD500E8FF7F /* hi-hat.wav */,
				E6AF28C92B0E7AD600E8FF7F /* kick.wav */,
				E6AF28C62B0E7AD300E8FF7F /* snare.wav */,
				E6AF28C72B0E7AD400E8FF7F /* tom.wav */,
			);
			path = DrumSounds;
			sourceTree = "<group>";
		};
/* End PBXGroup section */

/* Begin PBXNativeTarget section */
		43A1D8962AD38B02004B9951 /* VersionFinalApp */ = {
			isa = PBXNativeTarget;
			buildConfigurationList = 43A1D8A52AD38B05004B9951 /* Build configuration list for PBXNativeTarget "VersionFinalApp" */;
			buildPhases = (
				43A1D8932AD38B02004B9951 /* Sources */,
				43A1D8942AD38B02004B9951 /* Frameworks */,
				43A1D8952AD38B02004B9951 /* Resources */,
			);
			buildRules = (
			);
			dependencies = (
			);
			name = VersionFinalApp;
			packageProductDependencies = (
				43A1D8CB2AD43A2B004B9951 /* Subsonic */,
			);
			productName = VersionFinalApp;
			productReference = 43A1D8972AD38B02004B9951 /* VersionFinalApp.app */;
			productType = "com.apple.product-type.application";
		};
/* End PBXNativeTarget section */

/* Begin PBXProject section */
		43A1D88F2AD38B02004B9951 /* Project object */ = {
			isa = PBXProject;
			attributes = {
				BuildIndependentTargetsInParallel = 1;
				LastSwiftUpdateCheck = 1400;
				LastUpgradeCheck = 1500;
				TargetAttributes = {
					43A1D8962AD38B02004B9951 = {
						CreatedOnToolsVersion = 14.0;
					};
				};
			};
			buildConfigurationList = 43A1D8922AD38B02004B9951 /* Build configuration list for PBXProject "VersionFinalApp" */;
			compatibilityVersion = "Xcode 14.0";
			developmentRegion = en;
			hasScannedForEncodings = 0;
			knownRegions = (
				en,
				Base,
			);
			mainGroup = 43A1D88E2AD38B02004B9951;
			packageReferences = (
				43A1D8CA2AD43A2B004B9951 /* XCRemoteSwiftPackageReference "Subsonic" */,
			);
			productRefGroup = 43A1D8982AD38B02004B9951 /* Products */;
			projectDirPath = "";
			projectRoot = "";
			targets = (
				43A1D8962AD38B02004B9951 /* VersionFinalApp */,
			);
		};
/* End PBXProject section */

/* Begin PBXResourcesBuildPhase section */
		43A1D8952AD38B02004B9951 /* Resources */ = {
			isa = PBXResourcesBuildPhase;
			buildActionMask = 2147483647;
			files = (
				E60AE2452B0464B000BFC55B /* A.wav in Resources */,
				E6AF28AD2B0E727700E8FF7F /* pearls.wav in Resources */,
				E60AE2142B04617900BFC55B /* CS_piano.wav in Resources */,
				E60AE2402B0464B000BFC55B /* C.wav in Resources */,
				E6AF28B62B0E727700E8FF7F /* vetunazo-1.wav in Resources */,
				E60AE2462B0464B000BFC55B /* G.wav in Resources */,
				E6AF28CE2B0E7AD700E8FF7F /* kick.wav in Resources */,
				E60AE2162B04617900BFC55B /* AS_piano.wav in Resources */,
				43A1D8A22AD38B05004B9951 /* Preview Assets.xcassets in Resources */,
				E60AE2422B0464B000BFC55B /* F.wav in Resources */,
				E60AE2102B04617900BFC55B /* DS_piano.wav in Resources */,
				E6AF28CD2B0E7AD700E8FF7F /* hi-hat.wav in Resources */,
				E6AF28DA2B0E850B00E8FF7F /* bark.wav in Resources */,
				E6AF28DB2B0E850B00E8FF7F /* cat-playing.wav in Resources */,
				E60AE20E2B04617900BFC55B /* C_piano.wav in Resources */,
				E6AF28CF2B0E7AD700E8FF7F /* crash.wav in Resources */,
				E60AE2112B04617900BFC55B /* G_piano.wav in Resources */,
				E6AF28AF2B0E727700E8FF7F /* correct-1.wav in Resources */,
				E60AE2412B0464B000BFC55B /* D.wav in Resources */,
				E60AE2432B0464B000BFC55B /* B.wav in Resources */,
				E60AE2442B0464B000BFC55B /* E.wav in Resources */,
				E60AE2182B04617900BFC55B /* E_piano.wav in Resources */,
				E6AF28D82B0E850B00E8FF7F /* meow.wav in Resources */,
				E6AF28AC2B0E727700E8FF7F /* correct-2.wav in Resources */,
				E6AF28D62B0E850B00E8FF7F /* pouring-food.wav in Resources */,
				E6AF28B12B0E727700E8FF7F /* correct-3.wav in Resources */,
				E6AF28CB2B0E7AD700E8FF7F /* snare.wav in Resources */,
				E6AF28BA2B0E74D700E8FF7F /* impact-paint-1.wav in Resources */,
				E6AF28B22B0E727700E8FF7F /* impact-paint.wav in Resources */,
				E60AE2192B04617900BFC55B /* GS_piano.wav in Resources */,
				E6AF28D92B0E850B00E8FF7F /* dog-toy.wav in Resources */,
				43A1D89F2AD38B05004B9951 /* Assets.xcassets in Resources */,
				E60AE2152B04617900BFC55B /* F_piano.wav in Resources */,
				E6AF28CC2B0E7AD700E8FF7F /* tom.wav in Resources */,
				E60AE20F2B04617900BFC55B /* FS_piano.wav in Resources */,
				E6AF28B32B0E727700E8FF7F /* select-game.wav in Resources */,
				E60AE2122B04617900BFC55B /* A_piano.wav in Resources */,
				E6AF28B82B0E745500E8FF7F /* go-back.wav in Resources */,
				E60AE2132B04617900BFC55B /* D_piano.wav in Resources */,
				E6AF28AE2B0E727700E8FF7F /* select.wav in Resources */,
				E60AE2172B04617900BFC55B /* B_piano.wav in Resources */,
				E6AF28B52B0E727700E8FF7F /* velas.wav in Resources */,
				E6AF28D72B0E850B00E8FF7F /* cat-toy.wav in Resources */,
			);
			runOnlyForDeploymentPostprocessing = 0;
		};
/* End PBXResourcesBuildPhase section */

/* Begin PBXSourcesBuildPhase section */
		43A1D8932AD38B02004B9951 /* Sources */ = {
			isa = PBXSourcesBuildPhase;
			buildActionMask = 2147483647;
			files = (
				43A1D8BB2AD38FEB004B9951 /* GatoTap.swift in Sources */,
				43A1D8B52AD38E48004B9951 /* ConfiguracionGlobo.swift in Sources */,
				435A01912AD7A21F00E61674 /* Piano.swift in Sources */,
				43A1D8C32AD4343D004B9951 /* GatoDrag.swift in Sources */,
				43A1D89D2AD38B02004B9951 /* ContentView.swift in Sources */,
				4388038C2AD6ED3700F8E286 /* AlinearFiguras.swift in Sources */,
				435A01932AD7A22A00E61674 /* Xilofono.swift in Sources */,
				43A1D8C72AD43507004B9951 /* PerroTap.swift in Sources */,
				43A1D8C52AD43482004B9951 /* PerroDrag.swift in Sources */,
				43A1D8B32AD38DB3004B9951 /* VistaGlobo.swift in Sources */,
				43A1D8B92AD38FC0004B9951 /* DecorarPastel.swift in Sources */,
				43A175F62AD44C67005C0C00 /* DecorarPastelComplejo.swift in Sources */,
				43A1D8BF2AD432A2004B9951 /* Sumas.swift in Sources */,
				43A175F82AD4D315005C0C00 /* AvionTap.swift in Sources */,
				431E08D92AD82F6E00CC9A65 /* Creditos.swift in Sources */,
				43A1D8C92AD438CB004B9951 /* ColoresTap.swift in Sources */,
				43A1D8C12AD43309004B9951 /* Restas.swift in Sources */,
				43A1D8AA2AD38CA7004B9951 /* MenuPrincipal.swift in Sources */,
				435A018F2AD7A21100E61674 /* Bateria.swift in Sources */,
				43A1D89B2AD38B02004B9951 /* VersionFinalAppApp.swift in Sources */,
				43A1D8B72AD38F0D004B9951 /* GlobosTap.swift in Sources */,
				43A1D8BD2AD431DC004B9951 /* GlobosTapOrden.swift in Sources */,
			);
			runOnlyForDeploymentPostprocessing = 0;
		};
/* End PBXSourcesBuildPhase section */

/* Begin XCBuildConfiguration section */
		43A1D8A32AD38B05004B9951 /* Debug */ = {
			isa = XCBuildConfiguration;
			buildSettings = {
				ALWAYS_SEARCH_USER_PATHS = NO;
				CLANG_ANALYZER_NONNULL = YES;
				CLANG_ANALYZER_NUMBER_OBJECT_CONVERSION = YES_AGGRESSIVE;
				CLANG_CXX_LANGUAGE_STANDARD = "gnu++20";
				CLANG_ENABLE_MODULES = YES;
				CLANG_ENABLE_OBJC_ARC = YES;
				CLANG_ENABLE_OBJC_WEAK = YES;
				CLANG_WARN_BLOCK_CAPTURE_AUTORELEASING = YES;
				CLANG_WARN_BOOL_CONVERSION = YES;
				CLANG_WARN_COMMA = YES;
				CLANG_WARN_CONSTANT_CONVERSION = YES;
				CLANG_WARN_DEPRECATED_OBJC_IMPLEMENTATIONS = YES;
				CLANG_WARN_DIRECT_OBJC_ISA_USAGE = YES_ERROR;
				CLANG_WARN_DOCUMENTATION_COMMENTS = YES;
				CLANG_WARN_EMPTY_BODY = YES;
				CLANG_WARN_ENUM_CONVERSION = YES;
				CLANG_WARN_INFINITE_RECURSION = YES;
				CLANG_WARN_INT_CONVERSION = YES;
				CLANG_WARN_NON_LITERAL_NULL_CONVERSION = YES;
				CLANG_WARN_OBJC_IMPLICIT_RETAIN_SELF = YES;
				CLANG_WARN_OBJC_LITERAL_CONVERSION = YES;
				CLANG_WARN_OBJC_ROOT_CLASS = YES_ERROR;
				CLANG_WARN_QUOTED_INCLUDE_IN_FRAMEWORK_HEADER = YES;
				CLANG_WARN_RANGE_LOOP_ANALYSIS = YES;
				CLANG_WARN_STRICT_PROTOTYPES = YES;
				CLANG_WARN_SUSPICIOUS_MOVE = YES;
				CLANG_WARN_UNGUARDED_AVAILABILITY = YES_AGGRESSIVE;
				CLANG_WARN_UNREACHABLE_CODE = YES;
				CLANG_WARN__DUPLICATE_METHOD_MATCH = YES;
				COPY_PHASE_STRIP = NO;
				DEBUG_INFORMATION_FORMAT = dwarf;
				ENABLE_STRICT_OBJC_MSGSEND = YES;
				ENABLE_TESTABILITY = YES;
				ENABLE_USER_SCRIPT_SANDBOXING = YES;
				GCC_C_LANGUAGE_STANDARD = gnu11;
				GCC_DYNAMIC_NO_PIC = NO;
				GCC_NO_COMMON_BLOCKS = YES;
				GCC_OPTIMIZATION_LEVEL = 0;
				GCC_PREPROCESSOR_DEFINITIONS = (
					"DEBUG=1",
					"$(inherited)",
				);
				GCC_WARN_64_TO_32_BIT_CONVERSION = YES;
				GCC_WARN_ABOUT_RETURN_TYPE = YES_ERROR;
				GCC_WARN_UNDECLARED_SELECTOR = YES;
				GCC_WARN_UNINITIALIZED_AUTOS = YES_AGGRESSIVE;
				GCC_WARN_UNUSED_FUNCTION = YES;
				GCC_WARN_UNUSED_VARIABLE = YES;
				IPHONEOS_DEPLOYMENT_TARGET = 16.0;
				MTL_ENABLE_DEBUG_INFO = INCLUDE_SOURCE;
				MTL_FAST_MATH = YES;
				ONLY_ACTIVE_ARCH = YES;
				SDKROOT = iphoneos;
				SWIFT_ACTIVE_COMPILATION_CONDITIONS = DEBUG;
				SWIFT_OPTIMIZATION_LEVEL = "-Onone";
			};
			name = Debug;
		};
		43A1D8A42AD38B05004B9951 /* Release */ = {
			isa = XCBuildConfiguration;
			buildSettings = {
				ALWAYS_SEARCH_USER_PATHS = NO;
				CLANG_ANALYZER_NONNULL = YES;
				CLANG_ANALYZER_NUMBER_OBJECT_CONVERSION = YES_AGGRESSIVE;
				CLANG_CXX_LANGUAGE_STANDARD = "gnu++20";
				CLANG_ENABLE_MODULES = YES;
				CLANG_ENABLE_OBJC_ARC = YES;
				CLANG_ENABLE_OBJC_WEAK = YES;
				CLANG_WARN_BLOCK_CAPTURE_AUTORELEASING = YES;
				CLANG_WARN_BOOL_CONVERSION = YES;
				CLANG_WARN_COMMA = YES;
				CLANG_WARN_CONSTANT_CONVERSION = YES;
				CLANG_WARN_DEPRECATED_OBJC_IMPLEMENTATIONS = YES;
				CLANG_WARN_DIRECT_OBJC_ISA_USAGE = YES_ERROR;
				CLANG_WARN_DOCUMENTATION_COMMENTS = YES;
				CLANG_WARN_EMPTY_BODY = YES;
				CLANG_WARN_ENUM_CONVERSION = YES;
				CLANG_WARN_INFINITE_RECURSION = YES;
				CLANG_WARN_INT_CONVERSION = YES;
				CLANG_WARN_NON_LITERAL_NULL_CONVERSION = YES;
				CLANG_WARN_OBJC_IMPLICIT_RETAIN_SELF = YES;
				CLANG_WARN_OBJC_LITERAL_CONVERSION = YES;
				CLANG_WARN_OBJC_ROOT_CLASS = YES_ERROR;
				CLANG_WARN_QUOTED_INCLUDE_IN_FRAMEWORK_HEADER = YES;
				CLANG_WARN_RANGE_LOOP_ANALYSIS = YES;
				CLANG_WARN_STRICT_PROTOTYPES = YES;
				CLANG_WARN_SUSPICIOUS_MOVE = YES;
				CLANG_WARN_UNGUARDED_AVAILABILITY = YES_AGGRESSIVE;
				CLANG_WARN_UNREACHABLE_CODE = YES;
				CLANG_WARN__DUPLICATE_METHOD_MATCH = YES;
				COPY_PHASE_STRIP = NO;
				DEBUG_INFORMATION_FORMAT = "dwarf-with-dsym";
				ENABLE_NS_ASSERTIONS = NO;
				ENABLE_STRICT_OBJC_MSGSEND = YES;
				ENABLE_USER_SCRIPT_SANDBOXING = YES;
				GCC_C_LANGUAGE_STANDARD = gnu11;
				GCC_NO_COMMON_BLOCKS = YES;
				GCC_WARN_64_TO_32_BIT_CONVERSION = YES;
				GCC_WARN_ABOUT_RETURN_TYPE = YES_ERROR;
				GCC_WARN_UNDECLARED_SELECTOR = YES;
				GCC_WARN_UNINITIALIZED_AUTOS = YES_AGGRESSIVE;
				GCC_WARN_UNUSED_FUNCTION = YES;
				GCC_WARN_UNUSED_VARIABLE = YES;
				IPHONEOS_DEPLOYMENT_TARGET = 16.0;
				MTL_ENABLE_DEBUG_INFO = NO;
				MTL_FAST_MATH = YES;
				SDKROOT = iphoneos;
				SWIFT_COMPILATION_MODE = wholemodule;
				SWIFT_OPTIMIZATION_LEVEL = "-O";
				VALIDATE_PRODUCT = YES;
			};
			name = Release;
		};
		43A1D8A62AD38B05004B9951 /* Debug */ = {
			isa = XCBuildConfiguration;
			buildSettings = {
				ASSETCATALOG_COMPILER_APPICON_NAME = AppIcon;
				ASSETCATALOG_COMPILER_GLOBAL_ACCENT_COLOR_NAME = AccentColor;
				CODE_SIGN_STYLE = Automatic;
				CURRENT_PROJECT_VERSION = 1;
				DEVELOPMENT_ASSET_PATHS = "\"VersionFinalApp/Preview Content\"";
				DEVELOPMENT_TEAM = 48W7BT97MG;
				ENABLE_PREVIEWS = YES;
				GENERATE_INFOPLIST_FILE = YES;
				INFOPLIST_KEY_LSApplicationCategoryType = "public.app-category.games";
				INFOPLIST_KEY_UIApplicationSceneManifest_Generation = YES;
				INFOPLIST_KEY_UIApplicationSupportsIndirectInputEvents = YES;
				INFOPLIST_KEY_UILaunchScreen_Generation = YES;
				INFOPLIST_KEY_UIRequiresFullScreen = NO;
				INFOPLIST_KEY_UISupportedInterfaceOrientations = "UIInterfaceOrientationLandscapeLeft UIInterfaceOrientationLandscapeRight";
				LD_RUNPATH_SEARCH_PATHS = (
					"$(inherited)",
					"@executable_path/Frameworks",
				);
				MARKETING_VERSION = 1.0;
				PRODUCT_BUNDLE_IDENTIFIER = DEH.VersionFinalApp;
				PRODUCT_NAME = "$(TARGET_NAME)";
				SUPPORTED_PLATFORMS = "iphoneos iphonesimulator";
				SUPPORTS_MACCATALYST = NO;
				SUPPORTS_MAC_DESIGNED_FOR_IPHONE_IPAD = NO;
				SWIFT_EMIT_LOC_STRINGS = YES;
				SWIFT_VERSION = 5.0;
				TARGETED_DEVICE_FAMILY = 2;
			};
			name = Debug;
		};
		43A1D8A72AD38B05004B9951 /* Release */ = {
			isa = XCBuildConfiguration;
			buildSettings = {
				ASSETCATALOG_COMPILER_APPICON_NAME = AppIcon;
				ASSETCATALOG_COMPILER_GLOBAL_ACCENT_COLOR_NAME = AccentColor;
				CODE_SIGN_STYLE = Automatic;
				CURRENT_PROJECT_VERSION = 1;
				DEVELOPMENT_ASSET_PATHS = "\"VersionFinalApp/Preview Content\"";
				DEVELOPMENT_TEAM = 48W7BT97MG;
				ENABLE_PREVIEWS = YES;
				GENERATE_INFOPLIST_FILE = YES;
				INFOPLIST_KEY_LSApplicationCategoryType = "public.app-category.games";
				INFOPLIST_KEY_UIApplicationSceneManifest_Generation = YES;
				INFOPLIST_KEY_UIApplicationSupportsIndirectInputEvents = YES;
				INFOPLIST_KEY_UILaunchScreen_Generation = YES;
				INFOPLIST_KEY_UIRequiresFullScreen = NO;
				INFOPLIST_KEY_UISupportedInterfaceOrientations = "UIInterfaceOrientationLandscapeLeft UIInterfaceOrientationLandscapeRight";
				LD_RUNPATH_SEARCH_PATHS = (
					"$(inherited)",
					"@executable_path/Frameworks",
				);
				MARKETING_VERSION = 1.0;
				PRODUCT_BUNDLE_IDENTIFIER = DEH.VersionFinalApp;
				PRODUCT_NAME = "$(TARGET_NAME)";
				SUPPORTED_PLATFORMS = "iphoneos iphonesimulator";
				SUPPORTS_MACCATALYST = NO;
				SUPPORTS_MAC_DESIGNED_FOR_IPHONE_IPAD = NO;
				SWIFT_EMIT_LOC_STRINGS = YES;
				SWIFT_VERSION = 5.0;
				TARGETED_DEVICE_FAMILY = 2;
			};
			name = Release;
		};
/* End XCBuildConfiguration section */

/* Begin XCConfigurationList section */
		43A1D8922AD38B02004B9951 /* Build configuration list for PBXProject "VersionFinalApp" */ = {
			isa = XCConfigurationList;
			buildConfigurations = (
				43A1D8A32AD38B05004B9951 /* Debug */,
				43A1D8A42AD38B05004B9951 /* Release */,
			);
			defaultConfigurationIsVisible = 0;
			defaultConfigurationName = Release;
		};
		43A1D8A52AD38B05004B9951 /* Build configuration list for PBXNativeTarget "VersionFinalApp" */ = {
			isa = XCConfigurationList;
			buildConfigurations = (
				43A1D8A62AD38B05004B9951 /* Debug */,
				43A1D8A72AD38B05004B9951 /* Release */,
			);
			defaultConfigurationIsVisible = 0;
			defaultConfigurationName = Release;
		};
/* End XCConfigurationList section */

/* Begin XCRemoteSwiftPackageReference section */
		43A1D8CA2AD43A2B004B9951 /* XCRemoteSwiftPackageReference "Subsonic" */ = {
			isa = XCRemoteSwiftPackageReference;
			repositoryURL = "https://github.com/twostraws/Subsonic";
			requirement = {
				branch = main;
				kind = branch;
			};
		};
/* End XCRemoteSwiftPackageReference section */

/* Begin XCSwiftPackageProductDependency section */
		43A1D8CB2AD43A2B004B9951 /* Subsonic */ = {
			isa = XCSwiftPackageProductDependency;
			package = 43A1D8CA2AD43A2B004B9951 /* XCRemoteSwiftPackageReference "Subsonic" */;
			productName = Subsonic;
		};
/* End XCSwiftPackageProductDependency section */
	};
	rootObject = 43A1D88F2AD38B02004B9951 /* Project object */;
}
